
Microsoft Visual Studio Solution File, Format Version 12.00
# Visual Studio 2013
VisualStudioVersion = 12.0.21005.1
MinimumVisualStudioVersion = 10.0.40219.1
Project("{FAE04EC0-301F-11D3-BF4B-00C04F79EFBC}") = "INSM.WebModule.Documentation", "INSM.WebModule.Documentation\INSM.WebModule.Documentation.csproj", "{0BEEF900-E4A6-46B2-A5D8-50B29A49D773}"
EndProject
Project("{FAE04EC0-301F-11D3-BF4B-00C04F79EFBC}") = "INSM.WebModule.Framework", "INSM.WebModule.Framework\INSM.WebModule.Framework.csproj", "{32A86832-2935-4087-8FA2-1D26DD18D754}"
EndProject
Global
	GlobalSection(SolutionConfigurationPlatforms) = preSolution
		Debug|Any CPU = Debug|Any CPU
		Release|Any CPU = Release|Any CPU
	EndGlobalSection
	GlobalSection(ProjectConfigurationPlatforms) = postSolution
		{0BEEF900-E4A6-46B2-A5D8-50B29A49D773}.Debug|Any CPU.ActiveCfg = Debug|Any CPU
		{0BEEF900-E4A6-46B2-A5D8-50B29A49D773}.Debug|Any CPU.Build.0 = Debug|Any CPU
		{0BEEF900-E4A6-46B2-A5D8-50B29A49D773}.Release|Any CPU.ActiveCfg = Release|Any CPU
		{0BEEF900-E4A6-46B2-A5D8-50B29A49D773}.Release|Any CPU.Build.0 = Release|Any CPU
		{32A86832-2935-4087-8FA2-1D26DD18D754}.Debug|Any CPU.ActiveCfg = Debug|Any CPU
		{32A86832-2935-4087-8FA2-1D26DD18D754}.Debug|Any CPU.Build.0 = Debug|Any CPU
		{32A86832-2935-4087-8FA2-1D26DD18D754}.Release|Any CPU.ActiveCfg = Release|Any CPU
		{32A86832-2935-4087-8FA2-1D26DD18D754}.Release|Any CPU.Build.0 = Release|Any CPU
	EndGlobalSection
	GlobalSection(SolutionProperties) = preSolution
		HideSolutionNode = FALSE
	EndGlobalSection
EndGlobal
